
Microsoft Visual Studio Solution File, Format Version 12.00
# Visual Studio Version 17
VisualStudioVersion = 17.0.31903.59
MinimumVisualStudioVersion = 10.0.40219.1
Project("{FAE04EC0-301F-11D3-BF4B-00C04F79EFBC}") = "NotesCli.Console", "NotesCli.Console\NotesCli.Console.csproj", "{0F6BCC2B-457B-4ABB-8B8B-BB54689E3FAA}"
EndProject
Global
	GlobalSection(SolutionConfigurationPlatforms) = preSolution
		Debug|Any CPU = Debug|Any CPU
		Release|Any CPU = Release|Any CPU
	EndGlobalSection
	GlobalSection(SolutionProperties) = preSolution
		HideSolutionNode = FALSE
	EndGlobalSection
	GlobalSection(ProjectConfigurationPlatforms) = postSolution
		{0F6BCC2B-457B-4ABB-8B8B-BB54689E3FAA}.Debug|Any CPU.ActiveCfg = Debug|Any CPU
		{0F6BCC2B-457B-4ABB-8B8B-BB54689E3FAA}.Debug|Any CPU.Build.0 = Debug|Any CPU
		{0F6BCC2B-457B-4ABB-8B8B-BB54689E3FAA}.Release|Any CPU.ActiveCfg = Release|Any CPU
		{0F6BCC2B-457B-4ABB-8B8B-BB54689E3FAA}.Release|Any CPU.Build.0 = Release|Any CPU
	EndGlobalSection
EndGlobal
